
Microsoft Visual Studio Solution File, Format Version 12.00
# Visual Studio Version 17
VisualStudioVersion = 17.3.32929.385
MinimumVisualStudioVersion = 10.0.40219.1
Project("{9A19103F-16F7-4668-BE54-9A1E7A4F7556}") = "H9", "H9\H9.csproj", "{A9E6F3A9-B337-4EE5-AD92-9EC946D9673E}"
EndProject
Project("{9A19103F-16F7-4668-BE54-9A1E7A4F7556}") = "Repository", "Repository\Repository.csproj", "{08E51628-F4CF-4F23-AA8E-C3D32351DAE5}"
EndProject
Global
	GlobalSection(SolutionConfigurationPlatforms) = preSolution
		Debug|Any CPU = Debug|Any CPU
		Release|Any CPU = Release|Any CPU
	EndGlobalSection
	GlobalSection(ProjectConfigurationPlatforms) = postSolution
		{A9E6F3A9-B337-4EE5-AD92-9EC946D9673E}.Debug|Any CPU.ActiveCfg = Debug|Any CPU
		{A9E6F3A9-B337-4EE5-AD92-9EC946D9673E}.Debug|Any CPU.Build.0 = Debug|Any CPU
		{A9E6F3A9-B337-4EE5-AD92-9EC946D9673E}.Release|Any CPU.ActiveCfg = Release|Any CPU
		{A9E6F3A9-B337-4EE5-AD92-9EC946D9673E}.Release|Any CPU.Build.0 = Release|Any CPU
		{08E51628-F4CF-4F23-AA8E-C3D32351DAE5}.Debug|Any CPU.ActiveCfg = Debug|Any CPU
		{08E51628-F4CF-4F23-AA8E-C3D32351DAE5}.Debug|Any CPU.Build.0 = Debug|Any CPU
		{08E51628-F4CF-4F23-AA8E-C3D32351DAE5}.Release|Any CPU.ActiveCfg = Release|Any CPU
		{08E51628-F4CF-4F23-AA8E-C3D32351DAE5}.Release|Any CPU.Build.0 = Release|Any CPU
	EndGlobalSection
	GlobalSection(SolutionProperties) = preSolution
		HideSolutionNode = FALSE
	EndGlobalSection
	GlobalSection(ExtensibilityGlobals) = postSolution
		SolutionGuid = {73785327-1A3F-46BC-A99F-29FBA10A2AA2}
	EndGlobalSection
EndGlobal
